// !$*UTF8*$!
{
	archiveVersion = 1;
	classes = {
	};
	objectVersion = 46;
	objects = {

/* Begin PBXBuildFile section */
		6B2944D8423E25D01B5C6E79 /* Pods_ProjectManagementAppUITests.framework in Frameworks */ = {isa = PBXBuildFile; fileRef = 45B69ECC244D63DE1B0C2734 /* Pods_ProjectManagementAppUITests.framework */; };
		A5C75FAE502165A826ECE940 /* Pods_ProjectManagementApp.framework in Frameworks */ = {isa = PBXBuildFile; fileRef = 38BEAFC336CAE5C99B7D5F75 /* Pods_ProjectManagementApp.framework */; };
		A884775B1F30F32B0020AF31 /* AppDelegate.swift in Sources */ = {isa = PBXBuildFile; fileRef = A884775A1F30F32B0020AF31 /* AppDelegate.swift */; };
		A88477601F30F32B0020AF31 /* Main.storyboard in Resources */ = {isa = PBXBuildFile; fileRef = A884775E1F30F32B0020AF31 /* Main.storyboard */; };
		A88477621F30F32B0020AF31 /* Assets.xcassets in Resources */ = {isa = PBXBuildFile; fileRef = A88477611F30F32B0020AF31 /* Assets.xcassets */; };
		A88477651F30F32B0020AF31 /* LaunchScreen.storyboard in Resources */ = {isa = PBXBuildFile; fileRef = A88477631F30F32B0020AF31 /* LaunchScreen.storyboard */; };
		A88477701F30F32B0020AF31 /* ProjectManagementAppTests.swift in Sources */ = {isa = PBXBuildFile; fileRef = A884776F1F30F32B0020AF31 /* ProjectManagementAppTests.swift */; };
		A884777B1F30F32B0020AF31 /* ProjectManagementAppUITests.swift in Sources */ = {isa = PBXBuildFile; fileRef = A884777A1F30F32B0020AF31 /* ProjectManagementAppUITests.swift */; };
		A88477C81F320CE20020AF31 /* Task.swift in Sources */ = {isa = PBXBuildFile; fileRef = A88477C71F320CE20020AF31 /* Task.swift */; };
		A88477CA1F3210380020AF31 /* Project.swift in Sources */ = {isa = PBXBuildFile; fileRef = A88477C91F3210380020AF31 /* Project.swift */; };
		A88477CC1F3211F30020AF31 /* DatabaseManager.swift in Sources */ = {isa = PBXBuildFile; fileRef = A88477CB1F3211F30020AF31 /* DatabaseManager.swift */; };
		A88477CE1F321EC00020AF31 /* ProjectTableViewController.swift in Sources */ = {isa = PBXBuildFile; fileRef = A88477CD1F321EC00020AF31 /* ProjectTableViewController.swift */; };
		A88477D01F32221E0020AF31 /* ProjectTableViewCell.swift in Sources */ = {isa = PBXBuildFile; fileRef = A88477CF1F32221E0020AF31 /* ProjectTableViewCell.swift */; };
		A88477D21F341E420020AF31 /* ProjectViewController.swift in Sources */ = {isa = PBXBuildFile; fileRef = A88477D11F341E420020AF31 /* ProjectViewController.swift */; };
		A8A3509B1F37E69F0021F3BE /* TaskTableViewController.swift in Sources */ = {isa = PBXBuildFile; fileRef = A8A3509A1F37E69F0021F3BE /* TaskTableViewController.swift */; };
		A8A3509D1F37E8EA0021F3BE /* TaskViewController.swift in Sources */ = {isa = PBXBuildFile; fileRef = A8A3509C1F37E8EA0021F3BE /* TaskViewController.swift */; };
		A8A3509F1F37EAF90021F3BE /* TaskTableViewCell.swift in Sources */ = {isa = PBXBuildFile; fileRef = A8A3509E1F37EAF90021F3BE /* TaskTableViewCell.swift */; };
		B63209EB52AC82E426D57D71 /* Pods_ProjectManagementAppTests.framework in Frameworks */ = {isa = PBXBuildFile; fileRef = 26EA4C3AE1D25C813F62087E /* Pods_ProjectManagementAppTests.framework */; };
/* End PBXBuildFile section */

/* Begin PBXContainerItemProxy section */
		A884776C1F30F32B0020AF31 /* PBXContainerItemProxy */ = {
			isa = PBXContainerItemProxy;
			containerPortal = A884774F1F30F32B0020AF31 /* Project object */;
			proxyType = 1;
			remoteGlobalIDString = A88477561F30F32B0020AF31;
			remoteInfo = ProjectManagementApp;
		};
		A88477771F30F32B0020AF31 /* PBXContainerItemProxy */ = {
			isa = PBXContainerItemProxy;
			containerPortal = A884774F1F30F32B0020AF31 /* Project object */;
			proxyType = 1;
			remoteGlobalIDString = A88477561F30F32B0020AF31;
			remoteInfo = ProjectManagementApp;
		};
/* End PBXContainerItemProxy section */

/* Begin PBXFileReference section */
		0536F77F6CCC371E73E67C3E /* Pods-ProjectManagementAppTests.release.xcconfig */ = {isa = PBXFileReference; includeInIndex = 1; lastKnownFileType = text.xcconfig; name = "Pods-ProjectManagementAppTests.release.xcconfig"; path = "Pods/Target Support Files/Pods-ProjectManagementAppTests/Pods-ProjectManagementAppTests.release.xcconfig"; sourceTree = "<group>"; };
		1AA6998A3A4873CD8B22AFE1 /* Pods-ProjectManagementAppTests.debug.xcconfig */ = {isa = PBXFileReference; includeInIndex = 1; lastKnownFileType = text.xcconfig; name = "Pods-ProjectManagementAppTests.debug.xcconfig"; path = "Pods/Target Support Files/Pods-ProjectManagementAppTests/Pods-ProjectManagementAppTests.debug.xcconfig"; sourceTree = "<group>"; };
		26EA4C3AE1D25C813F62087E /* Pods_ProjectManagementAppTests.framework */ = {isa = PBXFileReference; explicitFileType = wrapper.framework; includeInIndex = 0; path = Pods_ProjectManagementAppTests.framework; sourceTree = BUILT_PRODUCTS_DIR; };
		33F99F2228BF963E92C9D08B /* Pods-ProjectManagementApp.release.xcconfig */ = {isa = PBXFileReference; includeInIndex = 1; lastKnownFileType = text.xcconfig; name = "Pods-ProjectManagementApp.release.xcconfig"; path = "Pods/Target Support Files/Pods-ProjectManagementApp/Pods-ProjectManagementApp.release.xcconfig"; sourceTree = "<group>"; };
		38BEAFC336CAE5C99B7D5F75 /* Pods_ProjectManagementApp.framework */ = {isa = PBXFileReference; explicitFileType = wrapper.framework; includeInIndex = 0; path = Pods_ProjectManagementApp.framework; sourceTree = BUILT_PRODUCTS_DIR; };
		45B69ECC244D63DE1B0C2734 /* Pods_ProjectManagementAppUITests.framework */ = {isa = PBXFileReference; explicitFileType = wrapper.framework; includeInIndex = 0; path = Pods_ProjectManagementAppUITests.framework; sourceTree = BUILT_PRODUCTS_DIR; };
		8427E019CD6B4E3F7270E2BF /* Pods-ProjectManagementApp.debug.xcconfig */ = {isa = PBXFileReference; includeInIndex = 1; lastKnownFileType = text.xcconfig; name = "Pods-ProjectManagementApp.debug.xcconfig"; path = "Pods/Target Support Files/Pods-ProjectManagementApp/Pods-ProjectManagementApp.debug.xcconfig"; sourceTree = "<group>"; };
		858F87C00BF898E293694143 /* Pods-ProjectManagementAppUITests.debug.xcconfig */ = {isa = PBXFileReference; includeInIndex = 1; lastKnownFileType = text.xcconfig; name = "Pods-ProjectManagementAppUITests.debug.xcconfig"; path = "Pods/Target Support Files/Pods-ProjectManagementAppUITests/Pods-ProjectManagementAppUITests.debug.xcconfig"; sourceTree = "<group>"; };
		92566FBE960E98F145627895 /* Pods-ProjectManagementAppUITests.release.xcconfig */ = {isa = PBXFileReference; includeInIndex = 1; lastKnownFileType = text.xcconfig; name = "Pods-ProjectManagementAppUITests.release.xcconfig"; path = "Pods/Target Support Files/Pods-ProjectManagementAppUITests/Pods-ProjectManagementAppUITests.release.xcconfig"; sourceTree = "<group>"; };
		A88477571F30F32B0020AF31 /* ProjectManagementApp.app */ = {isa = PBXFileReference; explicitFileType = wrapper.application; includeInIndex = 0; path = ProjectManagementApp.app; sourceTree = BUILT_PRODUCTS_DIR; };
		A884775A1F30F32B0020AF31 /* AppDelegate.swift */ = {isa = PBXFileReference; lastKnownFileType = sourcecode.swift; path = AppDelegate.swift; sourceTree = "<group>"; };
		A884775F1F30F32B0020AF31 /* Base */ = {isa = PBXFileReference; lastKnownFileType = file.storyboard; name = Base; path = Base.lproj/Main.storyboard; sourceTree = "<group>"; };
		A88477611F30F32B0020AF31 /* Assets.xcassets */ = {isa = PBXFileReference; lastKnownFileType = folder.assetcatalog; path = Assets.xcassets; sourceTree = "<group>"; };
		A88477641F30F32B0020AF31 /* Base */ = {isa = PBXFileReference; lastKnownFileType = file.storyboard; name = Base; path = Base.lproj/LaunchScreen.storyboard; sourceTree = "<group>"; };
		A88477661F30F32B0020AF31 /* Info.plist */ = {isa = PBXFileReference; lastKnownFileType = text.plist.xml; path = Info.plist; sourceTree = "<group>"; };
		A884776B1F30F32B0020AF31 /* ProjectManagementAppTests.xctest */ = {isa = PBXFileReference; explicitFileType = wrapper.cfbundle; includeInIndex = 0; path = ProjectManagementAppTests.xctest; sourceTree = BUILT_PRODUCTS_DIR; };
		A884776F1F30F32B0020AF31 /* ProjectManagementAppTests.swift */ = {isa = PBXFileReference; lastKnownFileType = sourcecode.swift; path = ProjectManagementAppTests.swift; sourceTree = "<group>"; };
		A88477711F30F32B0020AF31 /* Info.plist */ = {isa = PBXFileReference; lastKnownFileType = text.plist.xml; path = Info.plist; sourceTree = "<group>"; };
		A88477761F30F32B0020AF31 /* ProjectManagementAppUITests.xctest */ = {isa = PBXFileReference; explicitFileType = wrapper.cfbundle; includeInIndex = 0; path = ProjectManagementAppUITests.xctest; sourceTree = BUILT_PRODUCTS_DIR; };
		A884777A1F30F32B0020AF31 /* ProjectManagementAppUITests.swift */ = {isa = PBXFileReference; lastKnownFileType = sourcecode.swift; path = ProjectManagementAppUITests.swift; sourceTree = "<group>"; };
		A884777C1F30F32B0020AF31 /* Info.plist */ = {isa = PBXFileReference; lastKnownFileType = text.plist.xml; path = Info.plist; sourceTree = "<group>"; };
		A88477C71F320CE20020AF31 /* Task.swift */ = {isa = PBXFileReference; fileEncoding = 4; lastKnownFileType = sourcecode.swift; path = Task.swift; sourceTree = "<group>"; };
		A88477C91F3210380020AF31 /* Project.swift */ = {isa = PBXFileReference; fileEncoding = 4; lastKnownFileType = sourcecode.swift; path = Project.swift; sourceTree = "<group>"; };
		A88477CB1F3211F30020AF31 /* DatabaseManager.swift */ = {isa = PBXFileReference; fileEncoding = 4; lastKnownFileType = sourcecode.swift; path = DatabaseManager.swift; sourceTree = "<group>"; };
		A88477CD1F321EC00020AF31 /* ProjectTableViewController.swift */ = {isa = PBXFileReference; fileEncoding = 4; lastKnownFileType = sourcecode.swift; path = ProjectTableViewController.swift; sourceTree = "<group>"; };
		A88477CF1F32221E0020AF31 /* ProjectTableViewCell.swift */ = {isa = PBXFileReference; fileEncoding = 4; lastKnownFileType = sourcecode.swift; path = ProjectTableViewCell.swift; sourceTree = "<group>"; };
		A88477D11F341E420020AF31 /* ProjectViewController.swift */ = {isa = PBXFileReference; fileEncoding = 4; lastKnownFileType = sourcecode.swift; path = ProjectViewController.swift; sourceTree = "<group>"; };
		A8A3509A1F37E69F0021F3BE /* TaskTableViewController.swift */ = {isa = PBXFileReference; fileEncoding = 4; lastKnownFileType = sourcecode.swift; path = TaskTableViewController.swift; sourceTree = "<group>"; };
		A8A3509C1F37E8EA0021F3BE /* TaskViewController.swift */ = {isa = PBXFileReference; fileEncoding = 4; lastKnownFileType = sourcecode.swift; path = TaskViewController.swift; sourceTree = "<group>"; };
		A8A3509E1F37EAF90021F3BE /* TaskTableViewCell.swift */ = {isa = PBXFileReference; fileEncoding = 4; lastKnownFileType = sourcecode.swift; path = TaskTableViewCell.swift; sourceTree = "<group>"; };
/* End PBXFileReference section */

/* Begin PBXFrameworksBuildPhase section */
		A88477541F30F32B0020AF31 /* Frameworks */ = {
			isa = PBXFrameworksBuildPhase;
			buildActionMask = 2147483647;
			files = (
				A5C75FAE502165A826ECE940 /* Pods_ProjectManagementApp.framework in Frameworks */,
			);
			runOnlyForDeploymentPostprocessing = 0;
		};
		A88477681F30F32B0020AF31 /* Frameworks */ = {
			isa = PBXFrameworksBuildPhase;
			buildActionMask = 2147483647;
			files = (
				B63209EB52AC82E426D57D71 /* Pods_ProjectManagementAppTests.framework in Frameworks */,
			);
			runOnlyForDeploymentPostprocessing = 0;
		};
		A88477731F30F32B0020AF31 /* Frameworks */ = {
			isa = PBXFrameworksBuildPhase;
			buildActionMask = 2147483647;
			files = (
				6B2944D8423E25D01B5C6E79 /* Pods_ProjectManagementAppUITests.framework in Frameworks */,
			);
			runOnlyForDeploymentPostprocessing = 0;
		};
/* End PBXFrameworksBuildPhase section */

/* Begin PBXGroup section */
		637496EF0D912B1F5BA07278 /* Frameworks */ = {
			isa = PBXGroup;
			children = (
				38BEAFC336CAE5C99B7D5F75 /* Pods_ProjectManagementApp.framework */,
				26EA4C3AE1D25C813F62087E /* Pods_ProjectManagementAppTests.framework */,
				45B69ECC244D63DE1B0C2734 /* Pods_ProjectManagementAppUITests.framework */,
			);
			name = Frameworks;
			sourceTree = "<group>";
		};
		A54627D7D470D9922FC3E5FB /* Pods */ = {
			isa = PBXGroup;
			children = (
				8427E019CD6B4E3F7270E2BF /* Pods-ProjectManagementApp.debug.xcconfig */,
				33F99F2228BF963E92C9D08B /* Pods-ProjectManagementApp.release.xcconfig */,
				1AA6998A3A4873CD8B22AFE1 /* Pods-ProjectManagementAppTests.debug.xcconfig */,
				0536F77F6CCC371E73E67C3E /* Pods-ProjectManagementAppTests.release.xcconfig */,
				858F87C00BF898E293694143 /* Pods-ProjectManagementAppUITests.debug.xcconfig */,
				92566FBE960E98F145627895 /* Pods-ProjectManagementAppUITests.release.xcconfig */,
			);
			name = Pods;
			sourceTree = "<group>";
		};
		A884774E1F30F32B0020AF31 = {
			isa = PBXGroup;
			children = (
				A88477591F30F32B0020AF31 /* ProjectManagementApp */,
				A884776E1F30F32B0020AF31 /* ProjectManagementAppTests */,
				A88477791F30F32B0020AF31 /* ProjectManagementAppUITests */,
				A88477581F30F32B0020AF31 /* Products */,
				A54627D7D470D9922FC3E5FB /* Pods */,
				637496EF0D912B1F5BA07278 /* Frameworks */,
			);
			sourceTree = "<group>";
		};
		A88477581F30F32B0020AF31 /* Products */ = {
			isa = PBXGroup;
			children = (
				A88477571F30F32B0020AF31 /* ProjectManagementApp.app */,
				A884776B1F30F32B0020AF31 /* ProjectManagementAppTests.xctest */,
				A88477761F30F32B0020AF31 /* ProjectManagementAppUITests.xctest */,
			);
			name = Products;
			sourceTree = "<group>";
		};
		A88477591F30F32B0020AF31 /* ProjectManagementApp */ = {
			isa = PBXGroup;
			children = (
				A884778A1F30F9360020AF31 /* Model */,
				A88477881F30F91B0020AF31 /* Service */,
				A88477891F30F9250020AF31 /* Views */,
				A884775E1F30F32B0020AF31 /* Main.storyboard */,
			);
			path = ProjectManagementApp;
			sourceTree = "<group>";
		};
		A884776E1F30F32B0020AF31 /* ProjectManagementAppTests */ = {
			isa = PBXGroup;
			children = (
				A884776F1F30F32B0020AF31 /* ProjectManagementAppTests.swift */,
				A88477711F30F32B0020AF31 /* Info.plist */,
			);
			path = ProjectManagementAppTests;
			sourceTree = "<group>";
		};
		A88477791F30F32B0020AF31 /* ProjectManagementAppUITests */ = {
			isa = PBXGroup;
			children = (
				A884777A1F30F32B0020AF31 /* ProjectManagementAppUITests.swift */,
				A884777C1F30F32B0020AF31 /* Info.plist */,
			);
			path = ProjectManagementAppUITests;
			sourceTree = "<group>";
		};
		A88477881F30F91B0020AF31 /* Service */ = {
			isa = PBXGroup;
			children = (
				A884775A1F30F32B0020AF31 /* AppDelegate.swift */,
				A88477611F30F32B0020AF31 /* Assets.xcassets */,
				A88477631F30F32B0020AF31 /* LaunchScreen.storyboard */,
				A88477661F30F32B0020AF31 /* Info.plist */,
			);
			name = Service;
			sourceTree = "<group>";
		};
		A88477891F30F9250020AF31 /* Views */ = {
			isa = PBXGroup;
			children = (
				A88477D11F341E420020AF31 /* ProjectViewController.swift */,
				A88477CD1F321EC00020AF31 /* ProjectTableViewController.swift */,
				A88477CF1F32221E0020AF31 /* ProjectTableViewCell.swift */,
				A8A3509A1F37E69F0021F3BE /* TaskTableViewController.swift */,
				A8A3509E1F37EAF90021F3BE /* TaskTableViewCell.swift */,
				A8A3509C1F37E8EA0021F3BE /* TaskViewController.swift */,
			);
			name = Views;
			sourceTree = "<group>";
		};
		A884778A1F30F9360020AF31 /* Model */ = {
			isa = PBXGroup;
			children = (
				A88477C71F320CE20020AF31 /* Task.swift */,
				A88477C91F3210380020AF31 /* Project.swift */,
				A88477CB1F3211F30020AF31 /* DatabaseManager.swift */,
			);
			name = Model;
			sourceTree = "<group>";
		};
/* End PBXGroup section */

/* Begin PBXNativeTarget section */
		A88477561F30F32B0020AF31 /* ProjectManagementApp */ = {
			isa = PBXNativeTarget;
			buildConfigurationList = A884777F1F30F32B0020AF31 /* Build configuration list for PBXNativeTarget "ProjectManagementApp" */;
			buildPhases = (
				5B2ECC0A5904D6C98BA9EEBB /* [CP] Check Pods Manifest.lock */,
				A88477531F30F32B0020AF31 /* Sources */,
				A88477541F30F32B0020AF31 /* Frameworks */,
				A88477551F30F32B0020AF31 /* Resources */,
				76E49977E92A22426283A119 /* [CP] Embed Pods Frameworks */,
				97F63B96B42307B49DE474B3 /* [CP] Copy Pods Resources */,
			);
			buildRules = (
			);
			dependencies = (
			);
			name = ProjectManagementApp;
			productName = ProjectManagementApp;
			productReference = A88477571F30F32B0020AF31 /* ProjectManagementApp.app */;
			productType = "com.apple.product-type.application";
		};
		A884776A1F30F32B0020AF31 /* ProjectManagementAppTests */ = {
			isa = PBXNativeTarget;
			buildConfigurationList = A88477821F30F32B0020AF31 /* Build configuration list for PBXNativeTarget "ProjectManagementAppTests" */;
			buildPhases = (
				70E89678C2347D575D6C1DF9 /* [CP] Check Pods Manifest.lock */,
				A88477671F30F32B0020AF31 /* Sources */,
				A88477681F30F32B0020AF31 /* Frameworks */,
				A88477691F30F32B0020AF31 /* Resources */,
				9475EF8A0C05BADF629C259D /* [CP] Embed Pods Frameworks */,
				B5F79E234F87B63CDF102286 /* [CP] Copy Pods Resources */,
			);
			buildRules = (
			);
			dependencies = (
				A884776D1F30F32B0020AF31 /* PBXTargetDependency */,
			);
			name = ProjectManagementAppTests;
			productName = ProjectManagementAppTests;
			productReference = A884776B1F30F32B0020AF31 /* ProjectManagementAppTests.xctest */;
			productType = "com.apple.product-type.bundle.unit-test";
		};
		A88477751F30F32B0020AF31 /* ProjectManagementAppUITests */ = {
			isa = PBXNativeTarget;
			buildConfigurationList = A88477851F30F32B0020AF31 /* Build configuration list for PBXNativeTarget "ProjectManagementAppUITests" */;
			buildPhases = (
				3D12E51E0DB243335C610DAA /* [CP] Check Pods Manifest.lock */,
				A88477721F30F32B0020AF31 /* Sources */,
				A88477731F30F32B0020AF31 /* Frameworks */,
				A88477741F30F32B0020AF31 /* Resources */,
				319F94F80F5469493C897CDD /* [CP] Embed Pods Frameworks */,
				DF716A185FECCA4704A94EDE /* [CP] Copy Pods Resources */,
			);
			buildRules = (
			);
			dependencies = (
				A88477781F30F32B0020AF31 /* PBXTargetDependency */,
			);
			name = ProjectManagementAppUITests;
			productName = ProjectManagementAppUITests;
			productReference = A88477761F30F32B0020AF31 /* ProjectManagementAppUITests.xctest */;
			productType = "com.apple.product-type.bundle.ui-testing";
		};
/* End PBXNativeTarget section */

/* Begin PBXProject section */
		A884774F1F30F32B0020AF31 /* Project object */ = {
			isa = PBXProject;
			attributes = {
				LastSwiftUpdateCheck = 0820;
				LastUpgradeCheck = 0820;
				ORGANIZATIONNAME = elaheh;
				TargetAttributes = {
					A88477561F30F32B0020AF31 = {
						CreatedOnToolsVersion = 8.2.1;
						ProvisioningStyle = Automatic;
					};
					A884776A1F30F32B0020AF31 = {
						CreatedOnToolsVersion = 8.2.1;
						ProvisioningStyle = Automatic;
						TestTargetID = A88477561F30F32B0020AF31;
					};
					A88477751F30F32B0020AF31 = {
						CreatedOnToolsVersion = 8.2.1;
						ProvisioningStyle = Automatic;
						TestTargetID = A88477561F30F32B0020AF31;
					};
				};
			};
			buildConfigurationList = A88477521F30F32B0020AF31 /* Build configuration list for PBXProject "ProjectManagementApp" */;
			compatibilityVersion = "Xcode 3.2";
			developmentRegion = English;
			hasScannedForEncodings = 0;
			knownRegions = (
				en,
				Base,
			);
			mainGroup = A884774E1F30F32B0020AF31;
			productRefGroup = A88477581F30F32B0020AF31 /* Products */;
			projectDirPath = "";
			projectRoot = "";
			targets = (
				A88477561F30F32B0020AF31 /* ProjectManagementApp */,
				A884776A1F30F32B0020AF31 /* ProjectManagementAppTests */,
				A88477751F30F32B0020AF31 /* ProjectManagementAppUITests */,
			);
		};
/* End PBXProject section */

/* Begin PBXResourcesBuildPhase section */
		A88477551F30F32B0020AF31 /* Resources */ = {
			isa = PBXResourcesBuildPhase;
			buildActionMask = 2147483647;
			files = (
				A88477651F30F32B0020AF31 /* LaunchScreen.storyboard in Resources */,
				A88477621F30F32B0020AF31 /* Assets.xcassets in Resources */,
				A88477601F30F32B0020AF31 /* Main.storyboard in Resources */,
			);
			runOnlyForDeploymentPostprocessing = 0;
		};
		A88477691F30F32B0020AF31 /* Resources */ = {
			isa = PBXResourcesBuildPhase;
			buildActionMask = 2147483647;
			files = (
			);
			runOnlyForDeploymentPostprocessing = 0;
		};
		A88477741F30F32B0020AF31 /* Resources */ = {
			isa = PBXResourcesBuildPhase;
			buildActionMask = 2147483647;
			files = (
			);
			runOnlyForDeploymentPostprocessing = 0;
		};
/* End PBXResourcesBuildPhase section */

/* Begin PBXShellScriptBuildPhase section */
		319F94F80F5469493C897CDD /* [CP] Embed Pods Frameworks */ = {
			isa = PBXShellScriptBuildPhase;
			buildActionMask = 2147483647;
			files = (
			);
			inputPaths = (
			);
			name = "[CP] Embed Pods Frameworks";
			outputPaths = (
			);
			runOnlyForDeploymentPostprocessing = 0;
			shellPath = /bin/sh;
			shellScript = "\"${SRCROOT}/Pods/Target Support Files/Pods-ProjectManagementAppUITests/Pods-ProjectManagementAppUITests-frameworks.sh\"\n";
			showEnvVarsInLog = 0;
		};
		3D12E51E0DB243335C610DAA /* [CP] Check Pods Manifest.lock */ = {
			isa = PBXShellScriptBuildPhase;
			buildActionMask = 2147483647;
			files = (
			);
			inputPaths = (
			);
			name = "[CP] Check Pods Manifest.lock";
			outputPaths = (
			);
			runOnlyForDeploymentPostprocessing = 0;
			shellPath = /bin/sh;
			shellScript = "diff \"${PODS_PODFILE_DIR_PATH}/Podfile.lock\" \"${PODS_ROOT}/Manifest.lock\" > /dev/null\nif [ $? != 0 ] ; then\n    # print error to STDERR\n    echo \"error: The sandbox is not in sync with the Podfile.lock. Run 'pod install' or update your CocoaPods installation.\" >&2\n    exit 1\nfi\n";
			showEnvVarsInLog = 0;
		};
		5B2ECC0A5904D6C98BA9EEBB /* [CP] Check Pods Manifest.lock */ = {
			isa = PBXShellScriptBuildPhase;
			buildActionMask = 2147483647;
			files = (
			);
			inputPaths = (
			);
			name = "[CP] Check Pods Manifest.lock";
			outputPaths = (
			);
			runOnlyForDeploymentPostprocessing = 0;
			shellPath = /bin/sh;
			shellScript = "diff \"${PODS_PODFILE_DIR_PATH}/Podfile.lock\" \"${PODS_ROOT}/Manifest.lock\" > /dev/null\nif [ $? != 0 ] ; then\n    # print error to STDERR\n    echo \"error: The sandbox is not in sync with the Podfile.lock. Run 'pod install' or update your CocoaPods installation.\" >&2\n    exit 1\nfi\n";
			showEnvVarsInLog = 0;
		};
		70E89678C2347D575D6C1DF9 /* [CP] Check Pods Manifest.lock */ = {
			isa = PBXShellScriptBuildPhase;
			buildActionMask = 2147483647;
			files = (
			);
			inputPaths = (
			);
			name = "[CP] Check Pods Manifest.lock";
			outputPaths = (
			);
			runOnlyForDeploymentPostprocessing = 0;
			shellPath = /bin/sh;
			shellScript = "diff \"${PODS_PODFILE_DIR_PATH}/Podfile.lock\" \"${PODS_ROOT}/Manifest.lock\" > /dev/null\nif [ $? != 0 ] ; then\n    # print error to STDERR\n    echo \"error: The sandbox is not in sync with the Podfile.lock. Run 'pod install' or update your CocoaPods installation.\" >&2\n    exit 1\nfi\n";
			showEnvVarsInLog = 0;
		};
		76E49977E92A22426283A119 /* [CP] Embed Pods Frameworks */ = {
			isa = PBXShellScriptBuildPhase;
			buildActionMask = 2147483647;
			files = (
			);
			inputPaths = (
			);
			name = "[CP] Embed Pods Frameworks";
			outputPaths = (
			);
			runOnlyForDeploymentPostprocessing = 0;
			shellPath = /bin/sh;
			shellScript = "\"${SRCROOT}/Pods/Target Support Files/Pods-ProjectManagementApp/Pods-ProjectManagementApp-frameworks.sh\"\n";
			showEnvVarsInLog = 0;
		};
		9475EF8A0C05BADF629C259D /* [CP] Embed Pods Frameworks */ = {
			isa = PBXShellScriptBuildPhase;
			buildActionMask = 2147483647;
			files = (
			);
			inputPaths = (
			);
			name = "[CP] Embed Pods Frameworks";
			outputPaths = (
			);
			runOnlyForDeploymentPostprocessing = 0;
			shellPath = /bin/sh;
			shellScript = "\"${SRCROOT}/Pods/Target Support Files/Pods-ProjectManagementAppTests/Pods-ProjectManagementAppTests-frameworks.sh\"\n";
			showEnvVarsInLog = 0;
		};
		97F63B96B42307B49DE474B3 /* [CP] Copy Pods Resources */ = {
			isa = PBXShellScriptBuildPhase;
			buildActionMask = 2147483647;
			files = (
			);
			inputPaths = (
			);
			name = "[CP] Copy Pods Resources";
			outputPaths = (
			);
			runOnlyForDeploymentPostprocessing = 0;
			shellPath = /bin/sh;
			shellScript = "\"${SRCROOT}/Pods/Target Support Files/Pods-ProjectManagementApp/Pods-ProjectManagementApp-resources.sh\"\n";
			showEnvVarsInLog = 0;
		};
		B5F79E234F87B63CDF102286 /* [CP] Copy Pods Resources */ = {
			isa = PBXShellScriptBuildPhase;
			buildActionMask = 2147483647;
			files = (
			);
			inputPaths = (
			);
			name = "[CP] Copy Pods Resources";
			outputPaths = (
			);
			runOnlyForDeploymentPostprocessing = 0;
			shellPath = /bin/sh;
			shellScript = "\"${SRCROOT}/Pods/Target Support Files/Pods-ProjectManagementAppTests/Pods-ProjectManagementAppTests-resources.sh\"\n";
			showEnvVarsInLog = 0;
		};
		DF716A185FECCA4704A94EDE /* [CP] Copy Pods Resources */ = {
			isa = PBXShellScriptBuildPhase;
			buildActionMask = 2147483647;
			files = (
			);
			inputPaths = (
			);
			name = "[CP] Copy Pods Resources";
			outputPaths = (
			);
			runOnlyForDeploymentPostprocessing = 0;
			shellPath = /bin/sh;
			shellScript = "\"${SRCROOT}/Pods/Target Support Files/Pods-ProjectManagementAppUITests/Pods-ProjectManagementAppUITests-resources.sh\"\n";
			showEnvVarsInLog = 0;
		};
/* End PBXShellScriptBuildPhase section */

/* Begin PBXSourcesBuildPhase section */
		A88477531F30F32B0020AF31 /* Sources */ = {
			isa = PBXSourcesBuildPhase;
			buildActionMask = 2147483647;
			files = (
				A88477CE1F321EC00020AF31 /* ProjectTableViewController.swift in Sources */,
				A88477D01F32221E0020AF31 /* ProjectTableViewCell.swift in Sources */,
				A8A3509F1F37EAF90021F3BE /* TaskTableViewCell.swift in Sources */,
				A8A3509B1F37E69F0021F3BE /* TaskTableViewController.swift in Sources */,
				A88477C81F320CE20020AF31 /* Task.swift in Sources */,
				A88477CC1F3211F30020AF31 /* DatabaseManager.swift in Sources */,
				A884775B1F30F32B0020AF31 /* AppDelegate.swift in Sources */,
				A88477D21F341E420020AF31 /* ProjectViewController.swift in Sources */,
				A88477CA1F3210380020AF31 /* Project.swift in Sources */,
				A8A3509D1F37E8EA0021F3BE /* TaskViewController.swift in Sources */,
			);
			runOnlyForDeploymentPostprocessing = 0;
		};
		A88477671F30F32B0020AF31 /* Sources */ = {
			isa = PBXSourcesBuildPhase;
			buildActionMask = 2147483647;
			files = (
				A88477701F30F32B0020AF31 /* ProjectManagementAppTests.swift in Sources */,
			);
			runOnlyForDeploymentPostprocessing = 0;
		};
		A88477721F30F32B0020AF31 /* Sources */ = {
			isa = PBXSourcesBuildPhase;
			buildActionMask = 2147483647;
			files = (
				A884777B1F30F32B0020AF31 /* ProjectManagementAppUITests.swift in Sources */,
			);
			runOnlyForDeploymentPostprocessing = 0;
		};
/* End PBXSourcesBuildPhase section */

/* Begin PBXTargetDependency section */
		A884776D1F30F32B0020AF31 /* PBXTargetDependency */ = {
			isa = PBXTargetDependency;
			target = A88477561F30F32B0020AF31 /* ProjectManagementApp */;
			targetProxy = A884776C1F30F32B0020AF31 /* PBXContainerItemProxy */;
		};
		A88477781F30F32B0020AF31 /* PBXTargetDependency */ = {
			isa = PBXTargetDependency;
			target = A88477561F30F32B0020AF31 /* ProjectManagementApp */;
			targetProxy = A88477771F30F32B0020AF31 /* PBXContainerItemProxy */;
		};
/* End PBXTargetDependency section */

/* Begin PBXVariantGroup section */
		A884775E1F30F32B0020AF31 /* Main.storyboard */ = {
			isa = PBXVariantGroup;
			children = (
				A884775F1F30F32B0020AF31 /* Base */,
			);
			name = Main.storyboard;
			sourceTree = "<group>";
		};
		A88477631F30F32B0020AF31 /* LaunchScreen.storyboard */ = {
			isa = PBXVariantGroup;
			children = (
				A88477641F30F32B0020AF31 /* Base */,
			);
			name = LaunchScreen.storyboard;
			sourceTree = "<group>";
		};
/* End PBXVariantGroup section */

/* Begin XCBuildConfiguration section */
		A884777D1F30F32B0020AF31 /* Debug */ = {
			isa = XCBuildConfiguration;
			buildSettings = {
				ALWAYS_SEARCH_USER_PATHS = NO;
				CLANG_ANALYZER_NONNULL = YES;
				CLANG_CXX_LANGUAGE_STANDARD = "gnu++0x";
				CLANG_CXX_LIBRARY = "libc++";
				CLANG_ENABLE_MODULES = YES;
				CLANG_ENABLE_OBJC_ARC = YES;
				CLANG_WARN_BOOL_CONVERSION = YES;
				CLANG_WARN_CONSTANT_CONVERSION = YES;
				CLANG_WARN_DIRECT_OBJC_ISA_USAGE = YES_ERROR;
				CLANG_WARN_DOCUMENTATION_COMMENTS = YES;
				CLANG_WARN_EMPTY_BODY = YES;
				CLANG_WARN_ENUM_CONVERSION = YES;
				CLANG_WARN_INFINITE_RECURSION = YES;
				CLANG_WARN_INT_CONVERSION = YES;
				CLANG_WARN_OBJC_ROOT_CLASS = YES_ERROR;
				CLANG_WARN_SUSPICIOUS_MOVE = YES;
				CLANG_WARN_UNREACHABLE_CODE = YES;
				CLANG_WARN__DUPLICATE_METHOD_MATCH = YES;
				"CODE_SIGN_IDENTITY[sdk=iphoneos*]" = "iPhone Developer";
				COPY_PHASE_STRIP = NO;
				DEBUG_INFORMATION_FORMAT = dwarf;
				ENABLE_STRICT_OBJC_MSGSEND = YES;
				ENABLE_TESTABILITY = YES;
				GCC_C_LANGUAGE_STANDARD = gnu99;
				GCC_DYNAMIC_NO_PIC = NO;
				GCC_NO_COMMON_BLOCKS = YES;
				GCC_OPTIMIZATION_LEVEL = 0;
				GCC_PREPROCESSOR_DEFINITIONS = (
					"DEBUG=1",
					"$(inherited)",
				);
				GCC_WARN_64_TO_32_BIT_CONVERSION = YES;
				GCC_WARN_ABOUT_RETURN_TYPE = YES_ERROR;
				GCC_WARN_UNDECLARED_SELECTOR = YES;
				GCC_WARN_UNINITIALIZED_AUTOS = YES_AGGRESSIVE;
				GCC_WARN_UNUSED_FUNCTION = YES;
				GCC_WARN_UNUSED_VARIABLE = YES;
				IPHONEOS_DEPLOYMENT_TARGET = 10.2;
				MTL_ENABLE_DEBUG_INFO = YES;
				ONLY_ACTIVE_ARCH = YES;
				SDKROOT = iphoneos;
				SWIFT_ACTIVE_COMPILATION_CONDITIONS = DEBUG;
				SWIFT_OPTIMIZATION_LEVEL = "-Onone";
				TARGETED_DEVICE_FAMILY = "1,2";
			};
			name = Debug;
		};
		A884777E1F30F32B0020AF31 /* Release */ = {
			isa = XCBuildConfiguration;
			buildSettings = {
				ALWAYS_SEARCH_USER_PATHS = NO;
				CLANG_ANALYZER_NONNULL = YES;
				CLANG_CXX_LANGUAGE_STANDARD = "gnu++0x";
				CLANG_CXX_LIBRARY = "libc++";
				CLANG_ENABLE_MODULES = YES;
				CLANG_ENABLE_OBJC_ARC = YES;
				CLANG_WARN_BOOL_CONVERSION = YES;
				CLANG_WARN_CONSTANT_CONVERSION = YES;
				CLANG_WARN_DIRECT_OBJC_ISA_USAGE = YES_ERROR;
				CLANG_WARN_DOCUMENTATION_COMMENTS = YES;
				CLANG_WARN_EMPTY_BODY = YES;
				CLANG_WARN_ENUM_CONVERSION = YES;
				CLANG_WARN_INFINITE_RECURSION = YES;
				CLANG_WARN_INT_CONVERSION = YES;
				CLANG_WARN_OBJC_ROOT_CLASS = YES_ERROR;
				CLANG_WARN_SUSPICIOUS_MOVE = YES;
				CLANG_WARN_UNREACHABLE_CODE = YES;
				CLANG_WARN__DUPLICATE_METHOD_MATCH = YES;
				"CODE_SIGN_IDENTITY[sdk=iphoneos*]" = "iPhone Developer";
				COPY_PHASE_STRIP = NO;
				DEBUG_INFORMATION_FORMAT = "dwarf-with-dsym";
				ENABLE_NS_ASSERTIONS = NO;
				ENABLE_STRICT_OBJC_MSGSEND = YES;
				GCC_C_LANGUAGE_STANDARD = gnu99;
				GCC_NO_COMMON_BLOCKS = YES;
				GCC_WARN_64_TO_32_BIT_CONVERSION = YES;
				GCC_WARN_ABOUT_RETURN_TYPE = YES_ERROR;
				GCC_WARN_UNDECLARED_SELECTOR = YES;
				GCC_WARN_UNINITIALIZED_AUTOS = YES_AGGRESSIVE;
				GCC_WARN_UNUSED_FUNCTION = YES;
				GCC_WARN_UNUSED_VARIABLE = YES;
				IPHONEOS_DEPLOYMENT_TARGET = 10.2;
				MTL_ENABLE_DEBUG_INFO = NO;
				SDKROOT = iphoneos;
				SWIFT_OPTIMIZATION_LEVEL = "-Owholemodule";
				TARGETED_DEVICE_FAMILY = "1,2";
				VALIDATE_PRODUCT = YES;
			};
			name = Release;
		};
		A88477801F30F32B0020AF31 /* Debug */ = {
			isa = XCBuildConfiguration;
			baseConfigurationReference = 8427E019CD6B4E3F7270E2BF /* Pods-ProjectManagementApp.debug.xcconfig */;
			buildSettings = {
				ASSETCATALOG_COMPILER_APPICON_NAME = AppIcon;
				INFOPLIST_FILE = ProjectManagementApp/Info.plist;
				LD_RUNPATH_SEARCH_PATHS = "$(inherited) @executable_path/Frameworks";
				PRODUCT_BUNDLE_IDENTIFIER = com.elahe.ProjectManagementApp;
				PRODUCT_NAME = "$(TARGET_NAME)";
				SWIFT_VERSION = 3.0;
			};
			name = Debug;
		};
		A88477811F30F32B0020AF31 /* Release */ = {
			isa = XCBuildConfiguration;
			baseConfigurationReference = 33F99F2228BF963E92C9D08B /* Pods-ProjectManagementApp.release.xcconfig */;
			buildSettings = {
				ASSETCATALOG_COMPILER_APPICON_NAME = AppIcon;
				INFOPLIST_FILE = ProjectManagementApp/Info.plist;
				LD_RUNPATH_SEARCH_PATHS = "$(inherited) @executable_path/Frameworks";
				PRODUCT_BUNDLE_IDENTIFIER = com.elahe.ProjectManagementApp;
				PRODUCT_NAME = "$(TARGET_NAME)";
				SWIFT_VERSION = 3.0;
			};
			name = Release;
		};
		A88477831F30F32B0020AF31 /* Debug */ = {
			isa = XCBuildConfiguration;
			baseConfigurationReference = 1AA6998A3A4873CD8B22AFE1 /* Pods-ProjectManagementAppTests.debug.xcconfig */;
			buildSettings = {
				ALWAYS_EMBED_SWIFT_STANDARD_LIBRARIES = YES;
				BUNDLE_LOADER = "$(TEST_HOST)";
				INFOPLIST_FILE = ProjectManagementAppTests/Info.plist;
				LD_RUNPATH_SEARCH_PATHS = "$(inherited) @executable_path/Frameworks @loader_path/Frameworks";
				PRODUCT_BUNDLE_IDENTIFIER = com.elahe.ProjectManagementAppTests;
				PRODUCT_NAME = "$(TARGET_NAME)";
				SWIFT_VERSION = 3.0;
				TEST_HOST = "$(BUILT_PRODUCTS_DIR)/ProjectManagementApp.app/ProjectManagementApp";
			};
			name = Debug;
		};
		A88477841F30F32B0020AF31 /* Release */ = {
			isa = XCBuildConfiguration;
			baseConfigurationReference = 0536F77F6CCC371E73E67C3E /* Pods-ProjectManagementAppTests.release.xcconfig */;
			buildSettings = {
				ALWAYS_EMBED_SWIFT_STANDARD_LIBRARIES = YES;
				BUNDLE_LOADER = "$(TEST_HOST)";
				INFOPLIST_FILE = ProjectManagementAppTests/Info.plist;
				LD_RUNPATH_SEARCH_PATHS = "$(inherited) @executable_path/Frameworks @loader_path/Frameworks";
				PRODUCT_BUNDLE_IDENTIFIER = com.elahe.ProjectManagementAppTests;
				PRODUCT_NAME = "$(TARGET_NAME)";
				SWIFT_VERSION = 3.0;
				TEST_HOST = "$(BUILT_PRODUCTS_DIR)/ProjectManagementApp.app/ProjectManagementApp";
			};
			name = Release;
		};
		A88477861F30F32B0020AF31 /* Debug */ = {
			isa = XCBuildConfiguration;
			baseConfigurationReference = 858F87C00BF898E293694143 /* Pods-ProjectManagementAppUITests.debug.xcconfig */;
			buildSettings = {
				ALWAYS_EMBED_SWIFT_STANDARD_LIBRARIES = YES;
				INFOPLIST_FILE = ProjectManagementAppUITests/Info.plist;
				LD_RUNPATH_SEARCH_PATHS = "$(inherited) @executable_path/Frameworks @loader_path/Frameworks";
				PRODUCT_BUNDLE_IDENTIFIER = com.elahe.ProjectManagementAppUITests;
				PRODUCT_NAME = "$(TARGET_NAME)";
				SWIFT_VERSION = 3.0;
				TEST_TARGET_NAME = ProjectManagementApp;
			};
			name = Debug;
		};
		A88477871F30F32B0020AF31 /* Release */ = {
			isa = XCBuildConfiguration;
			baseConfigurationReference = 92566FBE960E98F145627895 /* Pods-ProjectManagementAppUITests.release.xcconfig */;
			buildSettings = {
				ALWAYS_EMBED_SWIFT_STANDARD_LIBRARIES = YES;
				INFOPLIST_FILE = ProjectManagementAppUITests/Info.plist;
				LD_RUNPATH_SEARCH_PATHS = "$(inherited) @executable_path/Frameworks @loader_path/Frameworks";
				PRODUCT_BUNDLE_IDENTIFIER = com.elahe.ProjectManagementAppUITests;
				PRODUCT_NAME = "$(TARGET_NAME)";
				SWIFT_VERSION = 3.0;
				TEST_TARGET_NAME = ProjectManagementApp;
			};
			name = Release;
		};
/* End XCBuildConfiguration section */

/* Begin XCConfigurationList section */
		A88477521F30F32B0020AF31 /* Build configuration list for PBXProject "ProjectManagementApp" */ = {
			isa = XCConfigurationList;
			buildConfigurations = (
				A884777D1F30F32B0020AF31 /* Debug */,
				A884777E1F30F32B0020AF31 /* Release */,
			);
			defaultConfigurationIsVisible = 0;
			defaultConfigurationName = Release;
		};
		A884777F1F30F32B0020AF31 /* Build configuration list for PBXNativeTarget "ProjectManagementApp" */ = {
			isa = XCConfigurationList;
			buildConfigurations = (
				A88477801F30F32B0020AF31 /* Debug */,
				A88477811F30F32B0020AF31 /* Release */,
			);
			defaultConfigurationIsVisible = 0;
			defaultConfigurationName = Release;
		};
		A88477821F30F32B0020AF31 /* Build configuration list for PBXNativeTarget "ProjectManagementAppTests" */ = {
			isa = XCConfigurationList;
			buildConfigurations = (
				A88477831F30F32B0020AF31 /* Debug */,
				A88477841F30F32B0020AF31 /* Release */,
			);
			defaultConfigurationIsVisible = 0;
			defaultConfigurationName = Release;
		};
		A88477851F30F32B0020AF31 /* Build configuration list for PBXNativeTarget "ProjectManagementAppUITests" */ = {
			isa = XCConfigurationList;
			buildConfigurations = (
				A88477861F30F32B0020AF31 /* Debug */,
				A88477871F30F32B0020AF31 /* Release */,
			);
			defaultConfigurationIsVisible = 0;
			defaultConfigurationName = Release;
		};
/* End XCConfigurationList section */
	};
	rootObject = A884774F1F30F32B0020AF31 /* Project object */;
}
